{
  "requires": true,
  "lockfileVersion": 1,
  "dependencies": {
    "core-js": {
      "version": "3.6.5",
      "resolved": "https://registry.npmjs.org/core-js/-/core-js-3.6.5.tgz",
      "integrity": "sha512-vZVEEwZoIsI+vPEuoF9Iqf5H7/M3eeQqWlQnYa8FSKKePuYTf5MWnxb5SDAzCa60b3JBRS5g9b+Dq7b1y/RCrA=="
    },
    "vue-class-component": {
      "version": "7.2.5",
      "resolved": "https://registry.npmjs.org/vue-class-component/-/vue-class-component-7.2.5.tgz",
      "integrity": "sha512-0CSftHY0bDTD+4FbYkuFf6+iKDjZ4h2in2YYJDRMk5daZIjrgT9LjFHvP7Rzqy9/s1pij3zDtTSLRUjsPWMwqg=="
    },
    "vue-property-decorator": {
      "version": "8.5.1",
      "resolved": "https://registry.npmjs.org/vue-property-decorator/-/vue-property-decorator-8.5.1.tgz",
      "integrity": "sha512-O6OUN2OMsYTGPvgFtXeBU3jPnX5ffQ9V4I1WfxFQ6dqz6cOUbR3Usou7kgFpfiXDvV7dJQSFcJ5yUPgOtPPm1Q==",
      "requires": {
        "vue-class-component": "^7.1.0"
      }
    },
    "vue-slider-component": {
      "version": "3.2.2",
      "resolved": "https://registry.npmjs.org/vue-slider-component/-/vue-slider-component-3.2.2.tgz",
      "integrity": "sha512-Nxz5UYemwfpsFsv98yQuI4+XyMNtMYwFgW5Ue9i/w+ArSs/Ow7LJuixD6Tf/Lpnc2NUuMN+AwxZCE4FapxElCA==",
      "requires": {
        "core-js": "^3.6.5",
        "vue-property-decorator": "^8.0.0"
      }
    }
  }
}
